
Microsoft Visual Studio Solution File, Format Version 12.00
# Visual Studio Version 16
VisualStudioVersion = 16.0.31410.357
MinimumVisualStudioVersion = 10.0.40219.1
Project("{2150E333-8FDC-42A3-9474-1A3956D46DE8}") = "Services", "Services", "{D91EAA57-E305-4334-B96D-DD938592E2C4}"
EndProject
Project("{2150E333-8FDC-42A3-9474-1A3956D46DE8}") = "Catalog", "Catalog", "{978B5F68-AE99-4F07-AB86-50E7F4B4A6B1}"
EndProject
Global
	GlobalSection(SolutionProperties) = preSolution
		HideSolutionNode = FALSE
	EndGlobalSection
	GlobalSection(NestedProjects) = preSolution
		{978B5F68-AE99-4F07-AB86-50E7F4B4A6B1} = {D91EAA57-E305-4334-B96D-DD938592E2C4}
	EndGlobalSection
	GlobalSection(ExtensibilityGlobals) = postSolution
		SolutionGuid = {D94622C2-F78D-43F7-8F1B-D1858B7A732C}
	EndGlobalSection
EndGlobal
